
Microsoft Visual Studio Solution File, Format Version 12.00
# Visual Studio Version 16
VisualStudioVersion = 16.0.31320.298
MinimumVisualStudioVersion = 10.0.40219.1
Project("{9A19103F-16F7-4668-BE54-9A1E7A4F7556}") = "CSharp1", "CSharp1\CSharp1.csproj", "{A92A1D7A-9037-45D9-9585-764B5303AC95}"
EndProject
Project("{9A19103F-16F7-4668-BE54-9A1E7A4F7556}") = "CSharp2", "CSharp2\CSharp2.csproj", "{420BE3A8-1702-4D1A-A03D-4656F6BFB72F}"
EndProject
Project("{9A19103F-16F7-4668-BE54-9A1E7A4F7556}") = "CSharp3", "CSharp3\CSharp3.csproj", "{505E0832-5622-4289-8C3F-6E4D388BFE00}"
EndProject
Project("{6EC3EE1D-3C4E-46DD-8F32-0CC8E7565705}") = "FSharp1", "FSharp1\FSharp1.fsproj", "{77651FB7-ED13-444F-B0B2-5218D1FD9E95}"
EndProject
Project("{6EC3EE1D-3C4E-46DD-8F32-0CC8E7565705}") = "FSharp2", "FSharp2\FSharp2.fsproj", "{8C7382DB-31BC-40D3-84BE-28F881D0798C}"
EndProject
Global
	GlobalSection(SolutionConfigurationPlatforms) = preSolution
		Debug|Any CPU = Debug|Any CPU
		Release|Any CPU = Release|Any CPU
	EndGlobalSection
	GlobalSection(ProjectConfigurationPlatforms) = postSolution
		{A92A1D7A-9037-45D9-9585-764B5303AC95}.Debug|Any CPU.ActiveCfg = Debug|Any CPU
		{A92A1D7A-9037-45D9-9585-764B5303AC95}.Debug|Any CPU.Build.0 = Debug|Any CPU
		{A92A1D7A-9037-45D9-9585-764B5303AC95}.Release|Any CPU.ActiveCfg = Release|Any CPU
		{A92A1D7A-9037-45D9-9585-764B5303AC95}.Release|Any CPU.Build.0 = Release|Any CPU
		{420BE3A8-1702-4D1A-A03D-4656F6BFB72F}.Debug|Any CPU.ActiveCfg = Debug|Any CPU
		{420BE3A8-1702-4D1A-A03D-4656F6BFB72F}.Debug|Any CPU.Build.0 = Debug|Any CPU
		{420BE3A8-1702-4D1A-A03D-4656F6BFB72F}.Release|Any CPU.ActiveCfg = Release|Any CPU
		{420BE3A8-1702-4D1A-A03D-4656F6BFB72F}.Release|Any CPU.Build.0 = Release|Any CPU
		{505E0832-5622-4289-8C3F-6E4D388BFE00}.Debug|Any CPU.ActiveCfg = Debug|Any CPU
		{505E0832-5622-4289-8C3F-6E4D388BFE00}.Debug|Any CPU.Build.0 = Debug|Any CPU
		{505E0832-5622-4289-8C3F-6E4D388BFE00}.Release|Any CPU.ActiveCfg = Release|Any CPU
		{505E0832-5622-4289-8C3F-6E4D388BFE00}.Release|Any CPU.Build.0 = Release|Any CPU
		{77651FB7-ED13-444F-B0B2-5218D1FD9E95}.Debug|Any CPU.ActiveCfg = Debug|Any CPU
		{77651FB7-ED13-444F-B0B2-5218D1FD9E95}.Debug|Any CPU.Build.0 = Debug|Any CPU
		{77651FB7-ED13-444F-B0B2-5218D1FD9E95}.Release|Any CPU.ActiveCfg = Release|Any CPU
		{77651FB7-ED13-444F-B0B2-5218D1FD9E95}.Release|Any CPU.Build.0 = Release|Any CPU
		{8C7382DB-31BC-40D3-84BE-28F881D0798C}.Debug|Any CPU.ActiveCfg = Debug|Any CPU
		{8C7382DB-31BC-40D3-84BE-28F881D0798C}.Debug|Any CPU.Build.0 = Debug|Any CPU
		{8C7382DB-31BC-40D3-84BE-28F881D0798C}.Release|Any CPU.ActiveCfg = Release|Any CPU
		{8C7382DB-31BC-40D3-84BE-28F881D0798C}.Release|Any CPU.Build.0 = Release|Any CPU
	EndGlobalSection
	GlobalSection(SolutionProperties) = preSolution
		HideSolutionNode = FALSE
	EndGlobalSection
	GlobalSection(ExtensibilityGlobals) = postSolution
		SolutionGuid = {CD202E5F-4DE3-4982-A62C-2705E99AE6DF}
	EndGlobalSection
EndGlobal
